{
  "name": "@busybox/prettier-config",
  "version": "2023.4.4-alpha.2047",
  "lockfileVersion": 2,
  "requires": true,
  "packages": {
    "": {
      "name": "@busybox/prettier-config",
      "version": "2023.4.4-alpha.2047",
      "license": "MIT",
      "dependencies": {
        "@spotify/prettier-config": "14.1.6",
        "prettier-plugin-tailwindcss": "0.2.6"
      },
      "engines": {
        "node": ">=14",
        "yarn": "Use npm"
      },
      "peerDependencies": {
        "prettier": ">=2 <3"
      }
    },
    "node_modules/@spotify/prettier-config": {
      "version": "14.1.6",
      "resolved": "https://registry.npmjs.org/@spotify/prettier-config/-/prettier-config-14.1.6.tgz",
      "integrity": "sha512-VDojGCGVV9CfCjM7642wWbpbFlMSVPCCCiYUnXNVewD+/l8t62Ypscko60ZJnWQuHu5KL0/hOD1UY8nUpEV70w==",
      "engines": {
        "node": ">=14.17.0"
      },
      "peerDependencies": {
        "prettier": "2.x"
      }
    },
    "node_modules/prettier": {
      "version": "2.8.7",
      "resolved": "https://registry.npmjs.org/prettier/-/prettier-2.8.7.tgz",
      "integrity": "sha512-yPngTo3aXUUmyuTjeTUT75txrf+aMh9FiD7q9ZE/i6r0bPb22g4FsE6Y338PQX1bmfy08i9QQCB7/rcUAVntfw==",
      "peer": true,
      "bin": {
        "prettier": "bin-prettier.js"
      },
      "engines": {
        "node": ">=10.13.0"
      },
      "funding": {
        "url": "https://github.com/prettier/prettier?sponsor=1"
      }
    },
    "node_modules/prettier-plugin-tailwindcss": {
      "version": "0.2.6",
      "resolved": "https://registry.npmjs.org/prettier-plugin-tailwindcss/-/prettier-plugin-tailwindcss-0.2.6.tgz",
      "integrity": "sha512-F+7XCl9RLF/LPrGdUMHWpsT6TM31JraonAUyE6eBmpqymFvDwyl0ETHsKFHP1NG+sEfv8bmKqnTxEbWQbHPlBA==",
      "engines": {
        "node": ">=12.17.0"
      },
      "peerDependencies": {
        "@ianvs/prettier-plugin-sort-imports": "*",
        "@prettier/plugin-php": "*",
        "@prettier/plugin-pug": "*",
        "@shopify/prettier-plugin-liquid": "*",
        "@shufo/prettier-plugin-blade": "*",
        "@trivago/prettier-plugin-sort-imports": "*",
        "prettier": ">=2.2.0",
        "prettier-plugin-astro": "*",
        "prettier-plugin-css-order": "*",
        "prettier-plugin-import-sort": "*",
        "prettier-plugin-jsdoc": "*",
        "prettier-plugin-organize-attributes": "*",
        "prettier-plugin-organize-imports": "*",
        "prettier-plugin-style-order": "*",
        "prettier-plugin-svelte": "*",
        "prettier-plugin-twig-melody": "*"
      },
      "peerDependenciesMeta": {
        "@ianvs/prettier-plugin-sort-imports": {
          "optional": true
        },
        "@prettier/plugin-php": {
          "optional": true
        },
        "@prettier/plugin-pug": {
          "optional": true
        },
        "@shopify/prettier-plugin-liquid": {
          "optional": true
        },
        "@shufo/prettier-plugin-blade": {
          "optional": true
        },
        "@trivago/prettier-plugin-sort-imports": {
          "optional": true
        },
        "prettier-plugin-astro": {
          "optional": true
        },
        "prettier-plugin-css-order": {
          "optional": true
        },
        "prettier-plugin-import-sort": {
          "optional": true
        },
        "prettier-plugin-jsdoc": {
          "optional": true
        },
        "prettier-plugin-organize-attributes": {
          "optional": true
        },
        "prettier-plugin-organize-imports": {
          "optional": true
        },
        "prettier-plugin-style-order": {
          "optional": true
        },
        "prettier-plugin-svelte": {
          "optional": true
        },
        "prettier-plugin-twig-melody": {
          "optional": true
        }
      }
    }
  },
  "dependencies": {
    "@spotify/prettier-config": {
      "version": "14.1.6",
      "resolved": "https://registry.npmjs.org/@spotify/prettier-config/-/prettier-config-14.1.6.tgz",
      "integrity": "sha512-VDojGCGVV9CfCjM7642wWbpbFlMSVPCCCiYUnXNVewD+/l8t62Ypscko60ZJnWQuHu5KL0/hOD1UY8nUpEV70w==",
      "requires": {}
    },
    "prettier": {
      "version": "2.8.7",
      "resolved": "https://registry.npmjs.org/prettier/-/prettier-2.8.7.tgz",
      "integrity": "sha512-yPngTo3aXUUmyuTjeTUT75txrf+aMh9FiD7q9ZE/i6r0bPb22g4FsE6Y338PQX1bmfy08i9QQCB7/rcUAVntfw==",
      "peer": true
    },
    "prettier-plugin-tailwindcss": {
      "version": "0.2.6",
      "resolved": "https://registry.npmjs.org/prettier-plugin-tailwindcss/-/prettier-plugin-tailwindcss-0.2.6.tgz",
      "integrity": "sha512-F+7XCl9RLF/LPrGdUMHWpsT6TM31JraonAUyE6eBmpqymFvDwyl0ETHsKFHP1NG+sEfv8bmKqnTxEbWQbHPlBA==",
      "requires": {}
    }
  }
}
