# THIS IS AN AUTOGENERATED FILE. DO NOT EDIT THIS FILE DIRECTLY.
# yarn lockfile v1


"@spotify/prettier-config@8.0.0":
  version "8.0.0"
  resolved "https://registry.yarnpkg.com/@spotify/prettier-config/-/prettier-config-8.0.0.tgz#8b6c2bd579ddc54887155a0721fe04e96c89f7f2"
  integrity sha512-so8w32ZV42CHWxOEXcBtbNO/hLXFrQNXVmhfzhUI6dVB9cq2xjRaiqu8GjFj8LvKbWpPj+S+KwTIS4aDVWqrFQ==
