{
  "name": "@busybox/tsconfig",
  "version": "2023.6.26",
  "lockfileVersion": 2,
  "requires": true,
  "packages": {
    "": {
      "name": "@busybox/tsconfig",
      "version": "2023.6.26",
      "license": "MIT",
      "dependencies": {
        "@spotify/tsconfig": "15.0.0"
      },
      "devDependencies": {
        "typescript": "5.1.3"
      },
      "engines": {
        "node": ">=14",
        "yarn": "Use npm"
      },
      "peerDependencies": {
        "typescript": "5.1.3"
      }
    },
    "node_modules/@spotify/tsconfig": {
      "version": "15.0.0",
      "resolved": "https://registry.npmjs.org/@spotify/tsconfig/-/tsconfig-15.0.0.tgz",
      "integrity": "sha512-MQ5lJXgqVAr6eTJzoXcCVqr95a/+rTmpaIjTT3htpQ6m9aq/mHVnFoS7AbD0vEG7i5qUdaKbnWJWXITE8STLow==",
      "engines": {
        "node": ">=18"
      },
      "peerDependencies": {
        "typescript": ">=5"
      }
    },
    "node_modules/typescript": {
      "version": "5.1.3",
      "resolved": "https://registry.npmjs.org/typescript/-/typescript-5.1.3.tgz",
      "integrity": "sha512-XH627E9vkeqhlZFQuL+UsyAXEnibT0kWR2FWONlr4sTjvxyJYnyefgrkyECLzM5NenmKzRAy2rR/OlYLA1HkZw==",
      "bin": {
        "tsc": "bin/tsc",
        "tsserver": "bin/tsserver"
      },
      "engines": {
        "node": ">=14.17"
      }
    }
  },
  "dependencies": {
    "@spotify/tsconfig": {
      "version": "15.0.0",
      "resolved": "https://registry.npmjs.org/@spotify/tsconfig/-/tsconfig-15.0.0.tgz",
      "integrity": "sha512-MQ5lJXgqVAr6eTJzoXcCVqr95a/+rTmpaIjTT3htpQ6m9aq/mHVnFoS7AbD0vEG7i5qUdaKbnWJWXITE8STLow==",
      "requires": {}
    },
    "typescript": {
      "version": "5.1.3",
      "resolved": "https://registry.npmjs.org/typescript/-/typescript-5.1.3.tgz",
      "integrity": "sha512-XH627E9vkeqhlZFQuL+UsyAXEnibT0kWR2FWONlr4sTjvxyJYnyefgrkyECLzM5NenmKzRAy2rR/OlYLA1HkZw=="
    }
  }
}
